<?xml version="1.0" encoding="utf-8"?>
<Project ToolsVersion="4.0" xmlns="http://schemas.microsoft.com/developer/msbuild/2003">
  <ItemGroup>
    <Filter Include="src">
      <UniqueIdentifier>{195E4CD2-21E8-4683-8331-C1CFF2459DFA}</UniqueIdentifier>
    </Filter>
  </ItemGroup>
  <ItemGroup>
    <ClCompile Include="src\exports.cpp">
      <Filter>src</Filter>
    </ClCompile>
  </ItemGroup>
</Project>