<?xml version="1.0" encoding="utf-8"?>
<Project ToolsVersion="4.0" xmlns="http://schemas.microsoft.com/developer/msbuild/2003">
  <ItemGroup>
    <Filter Include="src">
      <UniqueIdentifier>{6cd1ad39-e704-420a-8873-3a08e29ed595}</UniqueIdentifier>
    </Filter>
    <Filter Include="src\gui">
      <UniqueIdentifier>{2ed500ec-21e6-4ef8-adbf-87c76a456e2a}</UniqueIdentifier>
    </Filter>
    <Filter Include="src\nogui">
      <UniqueIdentifier>{4f38166f-567e-4f16-a33d-07d3896f9c73}</UniqueIdentifier>
    </Filter>
  </ItemGroup>
  <ItemGroup>
    <ClCompile Include="src\gui\main.cpp">
      <Filter>src\gui</Filter>
    </ClCompile>
    <ClCompile Include="src\gui\main_window.cpp">
      <Filter>src\gui</Filter>
    </ClCompile>
    <ClCompile Include="src\gui\splitter_window.cpp">
      <Filter>src\gui</Filter>
    </ClCompile>
    <ClCompile Include="src\nogui\memory_mapped_file.cpp">
      <Filter>src\nogui</Filter>
    </ClCompile>
  </ItemGroup>
  <ItemGroup>
    <ClInclude Include="src\gui\main_window.h">
      <Filter>src\gui</Filter>
    </ClInclude>
    <ClInclude Include="src\gui\main.h">
      <Filter>src\gui</Filter>
    </ClInclude>
    <ClInclude Include="src\gui\splitter_window.h">
      <Filter>src\gui</Filter>
    </ClInclude>
    <ClInclude Include="src\nogui\memory_mapped_file.h">
      <Filter>src\nogui</Filter>
    </ClInclude>
  </ItemGroup>
</Project>