<?xml version="1.0" encoding="utf-8"?>
<Project ToolsVersion="4.0" xmlns="http://schemas.microsoft.com/developer/msbuild/2003">
  <ItemGroup>
    <Filter Include="src">
      <UniqueIdentifier>{6cd1ad39-e704-420a-8873-3a08e29ed595}</UniqueIdentifier>
    </Filter>
    <Filter Include="src\gui">
      <UniqueIdentifier>{2ed500ec-21e6-4ef8-adbf-87c76a456e2a}</UniqueIdentifier>
    </Filter>
  </ItemGroup>
  <ItemGroup>
    <ClCompile Include="src\gui\main.cpp">
      <Filter>src\gui</Filter>
    </ClCompile>
  </ItemGroup>
</Project>