<?xml version="1.0" encoding="utf-8"?>
<Project ToolsVersion="4.0" xmlns="http://schemas.microsoft.com/developer/msbuild/2003">
  <ItemGroup>
    <Filter Include="src">
      <UniqueIdentifier>{6cd1ad39-e704-420a-8873-3a08e29ed595}</UniqueIdentifier>
    </Filter>
    <Filter Include="src\gui">
      <UniqueIdentifier>{2ed500ec-21e6-4ef8-adbf-87c76a456e2a}</UniqueIdentifier>
    </Filter>
    <Filter Include="src\nogui">
      <UniqueIdentifier>{4f38166f-567e-4f16-a33d-07d3896f9c73}</UniqueIdentifier>
    </Filter>
    <Filter Include="src\res">
      <UniqueIdentifier>{369ddc17-bf29-4cf8-88e7-a5a98b3df90d}</UniqueIdentifier>
    </Filter>
  </ItemGroup>
  <ItemGroup>
    <ClCompile Include="src\gui\main.cpp">
      <Filter>src\gui</Filter>
    </ClCompile>
    <ClCompile Include="src\gui\main_window.cpp">
      <Filter>src\gui</Filter>
    </ClCompile>
    <ClCompile Include="src\gui\splitter_window.cpp">
      <Filter>src\gui</Filter>
    </ClCompile>
    <ClCompile Include="src\nogui\memory_mapped_file.cpp">
      <Filter>src\nogui</Filter>
    </ClCompile>
    <ClCompile Include="src\nogui\pe.cpp">
      <Filter>src\nogui</Filter>
    </ClCompile>
    <ClCompile Include="src\nogui\unicode.cpp">
      <Filter>src\nogui</Filter>
    </ClCompile>
    <ClCompile Include="src\gui\search.cpp">
      <Filter>src\gui</Filter>
    </ClCompile>
    <ClCompile Include="src\gui\processor.cpp">
      <Filter>src\gui</Filter>
    </ClCompile>
    <ClCompile Include="src\nogui\allocator.cpp">
      <Filter>src\nogui</Filter>
    </ClCompile>
    <ClCompile Include="src\nogui\unique_strings.cpp">
      <Filter>src\nogui</Filter>
    </ClCompile>
    <ClCompile Include="src\nogui\memory_manager.cpp">
      <Filter>src\nogui</Filter>
    </ClCompile>
    <ClCompile Include="src\nogui\utils.cpp">
      <Filter>src\nogui</Filter>
    </ClCompile>
    <ClCompile Include="src\nogui\file_name.cpp">
      <Filter>src\nogui</Filter>
    </ClCompile>
  </ItemGroup>
  <ItemGroup>
    <ClInclude Include="src\gui\main_window.h">
      <Filter>src\gui</Filter>
    </ClInclude>
    <ClInclude Include="src\gui\main.h">
      <Filter>src\gui</Filter>
    </ClInclude>
    <ClInclude Include="src\gui\splitter_window.h">
      <Filter>src\gui</Filter>
    </ClInclude>
    <ClInclude Include="src\nogui\memory_mapped_file.h">
      <Filter>src\nogui</Filter>
    </ClInclude>
    <ClInclude Include="src\nogui\pe.h">
      <Filter>src\nogui</Filter>
    </ClInclude>
    <ClInclude Include="src\nogui\unicode.h">
      <Filter>src\nogui</Filter>
    </ClInclude>
    <ClInclude Include="src\gui\search.h">
      <Filter>src\gui</Filter>
    </ClInclude>
    <ClInclude Include="src\gui\processor.h">
      <Filter>src\gui</Filter>
    </ClInclude>
    <ClInclude Include="src\nogui\allocator.h">
      <Filter>src\nogui</Filter>
    </ClInclude>
    <ClInclude Include="src\nogui\unique_strings.h">
      <Filter>src\nogui</Filter>
    </ClInclude>
    <ClInclude Include="src\nogui\memory_manager.h">
      <Filter>src\nogui</Filter>
    </ClInclude>
    <ClInclude Include="src\nogui\utils.h">
      <Filter>src\nogui</Filter>
    </ClInclude>
    <ClInclude Include="src\res\resources.h">
      <Filter>src\res</Filter>
    </ClInclude>
    <ClInclude Include="src\nogui\file_name.h">
      <Filter>src\nogui</Filter>
    </ClInclude>
  </ItemGroup>
  <ItemGroup>
    <ResourceCompile Include="src\res\resources.rc">
      <Filter>src\res</Filter>
    </ResourceCompile>
  </ItemGroup>
  <ItemGroup>
    <Image Include="src\res\icons_tree.bmp">
      <Filter>src\res</Filter>
    </Image>
  </ItemGroup>
</Project>