<?xml version="1.0" encoding="utf-8"?>
<Project ToolsVersion="4.0" xmlns="http://schemas.microsoft.com/developer/msbuild/2003">
	<ItemGroup>
		<Filter Include="src"><UniqueIdentifier>{1e8a238f-13c9-4825-b248-543976c3b15c}</UniqueIdentifier></Filter>
		<Filter Include="src\3rd_party"><UniqueIdentifier>{75da5ee3-5a93-4b0d-a793-c0873a2527e2}</UniqueIdentifier></Filter>
		<Filter Include="src\3rd_party\processhacker"><UniqueIdentifier>{bc033790-c231-427a-9cfa-1f1ff95fc8c4}</UniqueIdentifier></Filter>
		<Filter Include="src\3rd_party\processhacker\phnt"><UniqueIdentifier>{6a5fa070-d677-4815-aee3-233c13d7ff04}</UniqueIdentifier></Filter>
		<Filter Include="src\3rd_party\windows"><UniqueIdentifier>{9dd195ee-cfac-45fa-865e-507cb4f36e20}</UniqueIdentifier></Filter>
		<Filter Include="src\gui"><UniqueIdentifier>{dc0c3aac-1a84-407c-8702-b7e2ed387457}</UniqueIdentifier></Filter>
		<Filter Include="src\nogui"><UniqueIdentifier>{f48649b0-d795-4e48-9cc3-1dc0be24a7ab}</UniqueIdentifier></Filter>
		<Filter Include="src\nogui\pe"><UniqueIdentifier>{b714708a-3617-446b-9b1f-e8211d3d9160}</UniqueIdentifier></Filter>
		<Filter Include="src\res"><UniqueIdentifier>{2bce8931-1dcd-4cac-907c-f4244d1aa022}</UniqueIdentifier></Filter>
	</ItemGroup>
	<ItemGroup>
		<ClInclude Include="src\3rd_party\processhacker\phnt\ntdbg.h"><Filter>src\3rd_party\processhacker\phnt</Filter></ClInclude>
		<ClInclude Include="src\3rd_party\processhacker\phnt\ntexapi.h"><Filter>src\3rd_party\processhacker\phnt</Filter></ClInclude>
		<ClInclude Include="src\3rd_party\processhacker\phnt\ntgdi.h"><Filter>src\3rd_party\processhacker\phnt</Filter></ClInclude>
		<ClInclude Include="src\3rd_party\processhacker\phnt\ntioapi.h"><Filter>src\3rd_party\processhacker\phnt</Filter></ClInclude>
		<ClInclude Include="src\3rd_party\processhacker\phnt\ntkeapi.h"><Filter>src\3rd_party\processhacker\phnt</Filter></ClInclude>
		<ClInclude Include="src\3rd_party\processhacker\phnt\ntldr.h"><Filter>src\3rd_party\processhacker\phnt</Filter></ClInclude>
		<ClInclude Include="src\3rd_party\processhacker\phnt\ntlpcapi.h"><Filter>src\3rd_party\processhacker\phnt</Filter></ClInclude>
		<ClInclude Include="src\3rd_party\processhacker\phnt\ntmisc.h"><Filter>src\3rd_party\processhacker\phnt</Filter></ClInclude>
		<ClInclude Include="src\3rd_party\processhacker\phnt\ntmmapi.h"><Filter>src\3rd_party\processhacker\phnt</Filter></ClInclude>
		<ClInclude Include="src\3rd_party\processhacker\phnt\ntnls.h"><Filter>src\3rd_party\processhacker\phnt</Filter></ClInclude>
		<ClInclude Include="src\3rd_party\processhacker\phnt\ntobapi.h"><Filter>src\3rd_party\processhacker\phnt</Filter></ClInclude>
		<ClInclude Include="src\3rd_party\processhacker\phnt\ntpebteb.h"><Filter>src\3rd_party\processhacker\phnt</Filter></ClInclude>
		<ClInclude Include="src\3rd_party\processhacker\phnt\ntpfapi.h"><Filter>src\3rd_party\processhacker\phnt</Filter></ClInclude>
		<ClInclude Include="src\3rd_party\processhacker\phnt\ntpnpapi.h"><Filter>src\3rd_party\processhacker\phnt</Filter></ClInclude>
		<ClInclude Include="src\3rd_party\processhacker\phnt\ntpoapi.h"><Filter>src\3rd_party\processhacker\phnt</Filter></ClInclude>
		<ClInclude Include="src\3rd_party\processhacker\phnt\ntpsapi.h"><Filter>src\3rd_party\processhacker\phnt</Filter></ClInclude>
		<ClInclude Include="src\3rd_party\processhacker\phnt\ntregapi.h"><Filter>src\3rd_party\processhacker\phnt</Filter></ClInclude>
		<ClInclude Include="src\3rd_party\processhacker\phnt\ntrtl.h"><Filter>src\3rd_party\processhacker\phnt</Filter></ClInclude>
		<ClInclude Include="src\3rd_party\processhacker\phnt\ntsam.h"><Filter>src\3rd_party\processhacker\phnt</Filter></ClInclude>
		<ClInclude Include="src\3rd_party\processhacker\phnt\ntseapi.h"><Filter>src\3rd_party\processhacker\phnt</Filter></ClInclude>
		<ClInclude Include="src\3rd_party\processhacker\phnt\ntsmss.h"><Filter>src\3rd_party\processhacker\phnt</Filter></ClInclude>
		<ClInclude Include="src\3rd_party\processhacker\phnt\nttmapi.h"><Filter>src\3rd_party\processhacker\phnt</Filter></ClInclude>
		<ClInclude Include="src\3rd_party\processhacker\phnt\nttp.h"><Filter>src\3rd_party\processhacker\phnt</Filter></ClInclude>
		<ClInclude Include="src\3rd_party\processhacker\phnt\ntwow64.h"><Filter>src\3rd_party\processhacker\phnt</Filter></ClInclude>
		<ClInclude Include="src\3rd_party\processhacker\phnt\ntxcapi.h"><Filter>src\3rd_party\processhacker\phnt</Filter></ClInclude>
		<ClInclude Include="src\3rd_party\processhacker\phnt\ntzwapi.h"><Filter>src\3rd_party\processhacker\phnt</Filter></ClInclude>
		<ClInclude Include="src\3rd_party\processhacker\phnt\phnt.h"><Filter>src\3rd_party\processhacker\phnt</Filter></ClInclude>
		<ClInclude Include="src\3rd_party\processhacker\phnt\phnt_ntdef.h"><Filter>src\3rd_party\processhacker\phnt</Filter></ClInclude>
		<ClInclude Include="src\3rd_party\processhacker\phnt\phnt_windows.h"><Filter>src\3rd_party\processhacker\phnt</Filter></ClInclude>
		<ClInclude Include="src\3rd_party\processhacker\phnt\subprocesstag.h"><Filter>src\3rd_party\processhacker\phnt</Filter></ClInclude>
		<ClInclude Include="src\3rd_party\processhacker\phnt\winsta.h"><Filter>src\3rd_party\processhacker\phnt</Filter></ClInclude>

		<ClInclude Include="src\3rd_party\windows\sxstypes.h"><Filter>src\3rd_party\windows</Filter></ClInclude>

		<ClInclude Include="src\gui\com_dlg.h"><Filter>src\gui</Filter></ClInclude>
		<ClInclude Include="src\gui\common_controls.h"><Filter>src\gui</Filter></ClInclude>
		<ClInclude Include="src\gui\constants.h"><Filter>src\gui</Filter></ClInclude>
		<ClInclude Include="src\gui\export_view.h"><Filter>src\gui</Filter></ClInclude>
		<ClInclude Include="src\gui\file_info_getters.h"><Filter>src\gui</Filter></ClInclude>
		<ClInclude Include="src\gui\import_export_matcher.h"><Filter>src\gui</Filter></ClInclude>
		<ClInclude Include="src\gui\import_view.h"><Filter>src\gui</Filter></ClInclude>
		<ClInclude Include="src\gui\list_view_base.h"><Filter>src\gui</Filter></ClInclude>
		<ClInclude Include="src\gui\main.h"><Filter>src\gui</Filter></ClInclude>
		<ClInclude Include="src\gui\main_window.h"><Filter>src\gui</Filter></ClInclude>
		<ClInclude Include="src\gui\modules_view.h"><Filter>src\gui</Filter></ClInclude>
		<ClInclude Include="src\gui\processor.h"><Filter>src\gui</Filter></ClInclude>
		<ClInclude Include="src\gui\processor_impl.h"><Filter>src\gui</Filter></ClInclude>
		<ClInclude Include="src\gui\settings.h"><Filter>src\gui</Filter></ClInclude>
		<ClInclude Include="src\gui\smart_dc.h"><Filter>src\gui</Filter></ClInclude>
		<ClInclude Include="src\gui\smart_menu.h"><Filter>src\gui</Filter></ClInclude>
		<ClInclude Include="src\gui\splitter_window.h"><Filter>src\gui</Filter></ClInclude>
		<ClInclude Include="src\gui\test.h"><Filter>src\gui</Filter></ClInclude>
		<ClInclude Include="src\gui\tree_algos.h"><Filter>src\gui</Filter></ClInclude>
		<ClInclude Include="src\gui\tree_view.h"><Filter>src\gui</Filter></ClInclude>

		<ClInclude Include="src\nogui\act_ctx.h"><Filter>src\nogui</Filter></ClInclude>
		<ClInclude Include="src\nogui\allocator.h"><Filter>src\nogui</Filter></ClInclude>
		<ClInclude Include="src\nogui\allocator_big.h"><Filter>src\nogui</Filter></ClInclude>
		<ClInclude Include="src\nogui\allocator_malloc.h"><Filter>src\nogui</Filter></ClInclude>
		<ClInclude Include="src\nogui\allocator_small.h"><Filter>src\nogui</Filter></ClInclude>
		<ClInclude Include="src\nogui\array_bool.h"><Filter>src\nogui</Filter></ClInclude>
		<ClInclude Include="src\nogui\assert_my.h"><Filter>src\nogui</Filter></ClInclude>
		<ClInclude Include="src\nogui\cassert_my.h"><Filter>src\nogui</Filter></ClInclude>
		<ClInclude Include="src\nogui\com.h"><Filter>src\nogui</Filter></ClInclude>
		<ClInclude Include="src\nogui\com_ptr.h"><Filter>src\nogui</Filter></ClInclude>
		<ClInclude Include="src\nogui\dbg_provider.h"><Filter>src\nogui</Filter></ClInclude>
		<ClInclude Include="src\nogui\dbghelp.h"><Filter>src\nogui</Filter></ClInclude>
		<ClInclude Include="src\nogui\dependency_locator.h"><Filter>src\nogui</Filter></ClInclude>
		<ClInclude Include="src\nogui\file_name_provider.h"><Filter>src\nogui</Filter></ClInclude>
		<ClInclude Include="src\nogui\fnv1a.h"><Filter>src\nogui</Filter></ClInclude>
		<ClInclude Include="src\nogui\format_string.h"><Filter>src\nogui</Filter></ClInclude>
		<ClInclude Include="src\nogui\int_to_string.h"><Filter>src\nogui</Filter></ClInclude>
		<ClInclude Include="src\nogui\known_dlls.h"><Filter>src\nogui</Filter></ClInclude>
		<ClInclude Include="src\nogui\memory_manager.h"><Filter>src\nogui</Filter></ClInclude>
		<ClInclude Include="src\nogui\memory_mapped_file.h"><Filter>src\nogui</Filter></ClInclude>
		<ClInclude Include="src\nogui\my_actctx.h"><Filter>src\nogui</Filter></ClInclude>
		<ClInclude Include="src\nogui\my_string.h"><Filter>src\nogui</Filter></ClInclude>
		<ClInclude Include="src\nogui\my_string_handle.h"><Filter>src\nogui</Filter></ClInclude>
		<ClInclude Include="src\nogui\my_vector.h"><Filter>src\nogui</Filter></ClInclude>
		<ClInclude Include="src\nogui\my_windows.h"><Filter>src\nogui</Filter></ClInclude>
		<ClInclude Include="src\nogui\ole.h"><Filter>src\nogui</Filter></ClInclude>
		<ClInclude Include="src\nogui\pe.h"><Filter>src\nogui</Filter></ClInclude>
		<ClInclude Include="src\nogui\pe2.h"><Filter>src\nogui</Filter></ClInclude>
		<ClInclude Include="src\nogui\pe_getters.h"><Filter>src\nogui</Filter></ClInclude>
		<ClInclude Include="src\nogui\pe_getters_export.h"><Filter>src\nogui</Filter></ClInclude>
		<ClInclude Include="src\nogui\pe_getters_import.h"><Filter>src\nogui</Filter></ClInclude>
		<ClInclude Include="src\nogui\scope_exit.h"><Filter>src\nogui</Filter></ClInclude>
		<ClInclude Include="src\nogui\smart_handle.h"><Filter>src\nogui</Filter></ClInclude>
		<ClInclude Include="src\nogui\smart_library.h"><Filter>src\nogui</Filter></ClInclude>
		<ClInclude Include="src\nogui\smart_reg_key.h"><Filter>src\nogui</Filter></ClInclude>
		<ClInclude Include="src\nogui\static_vector.h"><Filter>src\nogui</Filter></ClInclude>
		<ClInclude Include="src\nogui\string_converter.h"><Filter>src\nogui</Filter></ClInclude>
		<ClInclude Include="src\nogui\thread_name.h"><Filter>src\nogui</Filter></ClInclude>
		<ClInclude Include="src\nogui\thread_worker.h"><Filter>src\nogui</Filter></ClInclude>
		<ClInclude Include="src\nogui\unicode.h"><Filter>src\nogui</Filter></ClInclude>
		<ClInclude Include="src\nogui\unique_strings.h"><Filter>src\nogui</Filter></ClInclude>
		<ClInclude Include="src\nogui\utils.h"><Filter>src\nogui</Filter></ClInclude>
		<ClInclude Include="src\nogui\wow.h"><Filter>src\nogui</Filter></ClInclude>

		<ClInclude Include="src\nogui\pe\coff.h"><Filter>src\nogui\pe</Filter></ClInclude>
		<ClInclude Include="src\nogui\pe\coff_full.h"><Filter>src\nogui\pe</Filter></ClInclude>
		<ClInclude Include="src\nogui\pe\coff_optional_standard.h"><Filter>src\nogui\pe</Filter></ClInclude>
		<ClInclude Include="src\nogui\pe\coff_optional_windows.h"><Filter>src\nogui\pe</Filter></ClInclude>
		<ClInclude Include="src\nogui\pe\export_table.h"><Filter>src\nogui\pe</Filter></ClInclude>
		<ClInclude Include="src\nogui\pe\import_table.h"><Filter>src\nogui\pe</Filter></ClInclude>
		<ClInclude Include="src\nogui\pe\mz.h"><Filter>src\nogui\pe</Filter></ClInclude>
		<ClInclude Include="src\nogui\pe\pe_util.h"><Filter>src\nogui\pe</Filter></ClInclude>
		<ClInclude Include="src\nogui\pe\resource_table.h"><Filter>src\nogui\pe</Filter></ClInclude>

		<ClInclude Include="src\res\resources.h"><Filter>src\res</Filter></ClInclude>
	</ItemGroup>
	<ItemGroup>
		<ClCompile Include="src\DependencyViewer.cpp"><Filter>src</Filter></ClCompile>

		<ClCompile Include="src\gui\com_dlg.cpp"><Filter>src\gui</Filter></ClCompile>
		<ClCompile Include="src\gui\common_controls.cpp"><Filter>src\gui</Filter></ClCompile>
		<ClCompile Include="src\gui\export_view.cpp"><Filter>src\gui</Filter></ClCompile>
		<ClCompile Include="src\gui\file_info_getters.cpp"><Filter>src\gui</Filter></ClCompile>
		<ClCompile Include="src\gui\import_export_matcher.cpp"><Filter>src\gui</Filter></ClCompile>
		<ClCompile Include="src\gui\import_view.cpp"><Filter>src\gui</Filter></ClCompile>
		<ClCompile Include="src\gui\list_view_base.cpp"><Filter>src\gui</Filter></ClCompile>
		<ClCompile Include="src\gui\main.cpp"><Filter>src\gui</Filter></ClCompile>
		<ClCompile Include="src\gui\main_window.cpp"><Filter>src\gui</Filter></ClCompile>
		<ClCompile Include="src\gui\modules_view.cpp"><Filter>src\gui</Filter></ClCompile>
		<ClCompile Include="src\gui\processor.cpp"><Filter>src\gui</Filter></ClCompile>
		<ClCompile Include="src\gui\processor_impl.cpp"><Filter>src\gui</Filter></ClCompile>
		<ClCompile Include="src\gui\settings.cpp"><Filter>src\gui</Filter></ClCompile>
		<ClCompile Include="src\gui\smart_dc.cpp"><Filter>src\gui</Filter></ClCompile>
		<ClCompile Include="src\gui\smart_menu.cpp"><Filter>src\gui</Filter></ClCompile>
		<ClCompile Include="src\gui\splitter_window.cpp"><Filter>src\gui</Filter></ClCompile>
		<ClCompile Include="src\gui\test.cpp"><Filter>src\gui</Filter></ClCompile>
		<ClCompile Include="src\gui\tree_algos.cpp"><Filter>src\gui</Filter></ClCompile>
		<ClCompile Include="src\gui\tree_view.cpp"><Filter>src\gui</Filter></ClCompile>

		<ClCompile Include="src\nogui\act_ctx.cpp"><Filter>src\nogui</Filter></ClCompile>
		<ClCompile Include="src\nogui\allocator.cpp"><Filter>src\nogui</Filter></ClCompile>
		<ClCompile Include="src\nogui\allocator_big.cpp"><Filter>src\nogui</Filter></ClCompile>
		<ClCompile Include="src\nogui\allocator_malloc.cpp"><Filter>src\nogui</Filter></ClCompile>
		<ClCompile Include="src\nogui\allocator_small.cpp"><Filter>src\nogui</Filter></ClCompile>
		<ClCompile Include="src\nogui\array_bool.cpp"><Filter>src\nogui</Filter></ClCompile>
		<ClCompile Include="src\nogui\assert_my.cpp"><Filter>src\nogui</Filter></ClCompile>
		<ClCompile Include="src\nogui\com.cpp"><Filter>src\nogui</Filter></ClCompile>
		<ClCompile Include="src\nogui\dbg_provider.cpp"><Filter>src\nogui</Filter></ClCompile>
		<ClCompile Include="src\nogui\dbghelp.cpp"><Filter>src\nogui</Filter></ClCompile>
		<ClCompile Include="src\nogui\dependency_locator.cpp"><Filter>src\nogui</Filter></ClCompile>
		<ClCompile Include="src\nogui\file_name_provider.cpp"><Filter>src\nogui</Filter></ClCompile>
		<ClCompile Include="src\nogui\fnv1a.cpp"><Filter>src\nogui</Filter></ClCompile>
		<ClCompile Include="src\nogui\int_to_string.cpp"><Filter>src\nogui</Filter></ClCompile>
		<ClCompile Include="src\nogui\known_dlls.cpp"><Filter>src\nogui</Filter></ClCompile>
		<ClCompile Include="src\nogui\memory_manager.cpp"><Filter>src\nogui</Filter></ClCompile>
		<ClCompile Include="src\nogui\memory_mapped_file.cpp"><Filter>src\nogui</Filter></ClCompile>
		<ClCompile Include="src\nogui\my_actctx.cpp"><Filter>src\nogui</Filter></ClCompile>
		<ClCompile Include="src\nogui\my_string.cpp"><Filter>src\nogui</Filter></ClCompile>
		<ClCompile Include="src\nogui\my_string_handle.cpp"><Filter>src\nogui</Filter></ClCompile>
		<ClCompile Include="src\nogui\ole.cpp"><Filter>src\nogui</Filter></ClCompile>
		<ClCompile Include="src\nogui\pe.cpp"><Filter>src\nogui</Filter></ClCompile>
		<ClCompile Include="src\nogui\pe2.cpp"><Filter>src\nogui</Filter></ClCompile>
		<ClCompile Include="src\nogui\pe_getters.cpp"><Filter>src\nogui</Filter></ClCompile>
		<ClCompile Include="src\nogui\pe_getters_export.cpp"><Filter>src\nogui</Filter></ClCompile>
		<ClCompile Include="src\nogui\pe_getters_import.cpp"><Filter>src\nogui</Filter></ClCompile>
		<ClCompile Include="src\nogui\smart_handle.cpp"><Filter>src\nogui</Filter></ClCompile>
		<ClCompile Include="src\nogui\smart_library.cpp"><Filter>src\nogui</Filter></ClCompile>
		<ClCompile Include="src\nogui\smart_reg_key.cpp"><Filter>src\nogui</Filter></ClCompile>
		<ClCompile Include="src\nogui\string_converter.cpp"><Filter>src\nogui</Filter></ClCompile>
		<ClCompile Include="src\nogui\thread_name.cpp"><Filter>src\nogui</Filter></ClCompile>
		<ClCompile Include="src\nogui\thread_worker.cpp"><Filter>src\nogui</Filter></ClCompile>
		<ClCompile Include="src\nogui\unicode.cpp"><Filter>src\nogui</Filter></ClCompile>
		<ClCompile Include="src\nogui\unique_strings.cpp"><Filter>src\nogui</Filter></ClCompile>
		<ClCompile Include="src\nogui\utils.cpp"><Filter>src\nogui</Filter></ClCompile>
		<ClCompile Include="src\nogui\wow.cpp"><Filter>src\nogui</Filter></ClCompile>

		<ClCompile Include="src\nogui\pe\coff.cpp"><Filter>src\nogui\pe</Filter></ClCompile>
		<ClCompile Include="src\nogui\pe\coff_full.cpp"><Filter>src\nogui\pe</Filter></ClCompile>
		<ClCompile Include="src\nogui\pe\coff_optional_standard.cpp"><Filter>src\nogui\pe</Filter></ClCompile>
		<ClCompile Include="src\nogui\pe\coff_optional_windows.cpp"><Filter>src\nogui\pe</Filter></ClCompile>
		<ClCompile Include="src\nogui\pe\export_table.cpp"><Filter>src\nogui\pe</Filter></ClCompile>
		<ClCompile Include="src\nogui\pe\import_table.cpp"><Filter>src\nogui\pe</Filter></ClCompile>
		<ClCompile Include="src\nogui\pe\mz.cpp"><Filter>src\nogui\pe</Filter></ClCompile>
		<ClCompile Include="src\nogui\pe\pe_util.cpp"><Filter>src\nogui\pe</Filter></ClCompile>
		<ClCompile Include="src\nogui\pe\resource_table.cpp"><Filter>src\nogui\pe</Filter></ClCompile>
	</ItemGroup>
	<ItemGroup>
		<Image Include="src\res\icons_import_export.bmp"><Filter>src\res</Filter></Image>
		<Image Include="src\res\icons_toolbar.bmp"><Filter>src\res</Filter></Image>
		<Image Include="src\res\icons_tree.bmp"><Filter>src\res</Filter></Image>
	</ItemGroup>
	<ItemGroup>
		<ResourceCompile Include="src\res\resources.rc"><Filter>src\res</Filter></ResourceCompile>
	</ItemGroup>
	<ItemGroup>
		<None Include="src\nogui\com_ptr.inl"><Filter>src\nogui</Filter></None>
		<None Include="src\nogui\static_vector.inl"><Filter>src\nogui</Filter></None>
	</ItemGroup>
	<ItemGroup>
		<Xml Include="src\res\manifest.xml"><Filter>src\res</Filter></Xml>
		<Xml Include="src\res\manifest_amd64.xml"><Filter>src\res</Filter></Xml>
		<Xml Include="src\res\manifest_x86.xml"><Filter>src\res</Filter></Xml>
	</ItemGroup>
</Project>
